
Microsoft Visual Studio Solution File, Format Version 12.00
# Visual Studio Version 17
VisualStudioVersion = 17.3.32819.101
MinimumVisualStudioVersion = 10.0.40219.1
Project("{9A19103F-16F7-4668-BE54-9A1E7A4F7556}") = "Api", "..\Api\Api.csproj", "{505CCB2D-E960-475F-85AC-CE7EF7176A43}"
EndProject
Project("{9A19103F-16F7-4668-BE54-9A1E7A4F7556}") = "Web.Data", "..\Web.Data\Web.Data.csproj", "{CCA36909-70D1-474C-B560-6C9BB2A1D8B6}"
EndProject
Project("{9A19103F-16F7-4668-BE54-9A1E7A4F7556}") = "Commons", "..\Commons\Commons.csproj", "{8C145200-1BE9-47D2-856E-70933574774F}"
EndProject
Project("{FAE04EC0-301F-11D3-BF4B-00C04F79EFBC}") = "Webmvc", "Webmvc\Webmvc.csproj", "{0A5E1FDA-79F5-43E9-AA3A-D5650A637D88}"
EndProject
Global
	GlobalSection(SolutionConfigurationPlatforms) = preSolution
		Debug|Any CPU = Debug|Any CPU
		Release|Any CPU = Release|Any CPU
	EndGlobalSection
	GlobalSection(ProjectConfigurationPlatforms) = postSolution
		{505CCB2D-E960-475F-85AC-CE7EF7176A43}.Debug|Any CPU.ActiveCfg = Debug|Any CPU
		{505CCB2D-E960-475F-85AC-CE7EF7176A43}.Debug|Any CPU.Build.0 = Debug|Any CPU
		{505CCB2D-E960-475F-85AC-CE7EF7176A43}.Release|Any CPU.ActiveCfg = Release|Any CPU
		{505CCB2D-E960-475F-85AC-CE7EF7176A43}.Release|Any CPU.Build.0 = Release|Any CPU
		{CCA36909-70D1-474C-B560-6C9BB2A1D8B6}.Debug|Any CPU.ActiveCfg = Debug|Any CPU
		{CCA36909-70D1-474C-B560-6C9BB2A1D8B6}.Debug|Any CPU.Build.0 = Debug|Any CPU
		{CCA36909-70D1-474C-B560-6C9BB2A1D8B6}.Release|Any CPU.ActiveCfg = Release|Any CPU
		{CCA36909-70D1-474C-B560-6C9BB2A1D8B6}.Release|Any CPU.Build.0 = Release|Any CPU
		{8C145200-1BE9-47D2-856E-70933574774F}.Debug|Any CPU.ActiveCfg = Debug|Any CPU
		{8C145200-1BE9-47D2-856E-70933574774F}.Debug|Any CPU.Build.0 = Debug|Any CPU
		{8C145200-1BE9-47D2-856E-70933574774F}.Release|Any CPU.ActiveCfg = Release|Any CPU
		{8C145200-1BE9-47D2-856E-70933574774F}.Release|Any CPU.Build.0 = Release|Any CPU
		{0A5E1FDA-79F5-43E9-AA3A-D5650A637D88}.Debug|Any CPU.ActiveCfg = Debug|Any CPU
		{0A5E1FDA-79F5-43E9-AA3A-D5650A637D88}.Debug|Any CPU.Build.0 = Debug|Any CPU
		{0A5E1FDA-79F5-43E9-AA3A-D5650A637D88}.Release|Any CPU.ActiveCfg = Release|Any CPU
		{0A5E1FDA-79F5-43E9-AA3A-D5650A637D88}.Release|Any CPU.Build.0 = Release|Any CPU
	EndGlobalSection
	GlobalSection(SolutionProperties) = preSolution
		HideSolutionNode = FALSE
	EndGlobalSection
	GlobalSection(ExtensibilityGlobals) = postSolution
		SolutionGuid = {A57DA63C-6D99-43F4-92DA-F40ABB2251E5}
	EndGlobalSection
EndGlobal
